// !$*UTF8*$!
{
	archiveVersion = 1;
	classes = {
	};
	objectVersion = 50;
	objects = {

/* Begin PBXBuildFile section */
		F178EF3B23279AF600506D86 /* SQManger.swift in Sources */ = {isa = PBXBuildFile; fileRef = F178EF3A23279AF600506D86 /* SQManger.swift */; };
		F178EF3D2327A20E00506D86 /* address.db in Resources */ = {isa = PBXBuildFile; fileRef = F178EF3C23279B8200506D86 /* address.db */; };
		F1A1B132231F9744000C4FAD /* CCAddressProvider.swift in Sources */ = {isa = PBXBuildFile; fileRef = F1A1B131231F9744000C4FAD /* CCAddressProvider.swift */; };
		F1BFD7AA231F9354008E0DB2 /* CCAddressPickerZoneCell.swift in Sources */ = {isa = PBXBuildFile; fileRef = F1BFD7A9231F9354008E0DB2 /* CCAddressPickerZoneCell.swift */; };
		F1E874E9231F96B40092570C /* SceneDelegate.swift in Sources */ = {isa = PBXBuildFile; fileRef = F1E874E8231F96B40092570C /* SceneDelegate.swift */; };
		F1FC5F41231F63D500390539 /* AppDelegate.swift in Sources */ = {isa = PBXBuildFile; fileRef = F1FC5F40231F63D500390539 /* AppDelegate.swift */; };
		F1FC5F45231F63D500390539 /* ViewController.swift in Sources */ = {isa = PBXBuildFile; fileRef = F1FC5F44231F63D500390539 /* ViewController.swift */; };
		F1FC5F48231F63D500390539 /* Main.storyboard in Resources */ = {isa = PBXBuildFile; fileRef = F1FC5F46231F63D500390539 /* Main.storyboard */; };
		F1FC5F4A231F63D600390539 /* Assets.xcassets in Resources */ = {isa = PBXBuildFile; fileRef = F1FC5F49231F63D600390539 /* Assets.xcassets */; };
		F1FC5F4D231F63D600390539 /* LaunchScreen.storyboard in Resources */ = {isa = PBXBuildFile; fileRef = F1FC5F4B231F63D600390539 /* LaunchScreen.storyboard */; };
		F1FC5F55231F868900390539 /* CCAddressPicker.swift in Sources */ = {isa = PBXBuildFile; fileRef = F1FC5F54231F868900390539 /* CCAddressPicker.swift */; };
		F1FC5F57231F86BE00390539 /* CCAddressPickerNavigation.swift in Sources */ = {isa = PBXBuildFile; fileRef = F1FC5F56231F86BE00390539 /* CCAddressPickerNavigation.swift */; };
		F1FC5F59231F86D800390539 /* CCAddressPickerZone.swift in Sources */ = {isa = PBXBuildFile; fileRef = F1FC5F58231F86D800390539 /* CCAddressPickerZone.swift */; };
/* End PBXBuildFile section */

/* Begin PBXFileReference section */
		F178EF3A23279AF600506D86 /* SQManger.swift */ = {isa = PBXFileReference; lastKnownFileType = sourcecode.swift; path = SQManger.swift; sourceTree = "<group>"; };
		F178EF3C23279B8200506D86 /* address.db */ = {isa = PBXFileReference; lastKnownFileType = file; path = address.db; sourceTree = "<group>"; };
		F1A1B131231F9744000C4FAD /* CCAddressProvider.swift */ = {isa = PBXFileReference; lastKnownFileType = sourcecode.swift; path = CCAddressProvider.swift; sourceTree = "<group>"; };
		F1BFD7A9231F9354008E0DB2 /* CCAddressPickerZoneCell.swift */ = {isa = PBXFileReference; lastKnownFileType = sourcecode.swift; path = CCAddressPickerZoneCell.swift; sourceTree = "<group>"; };
		F1E874E8231F96B40092570C /* SceneDelegate.swift */ = {isa = PBXFileReference; fileEncoding = 4; lastKnownFileType = sourcecode.swift; path = SceneDelegate.swift; sourceTree = "<group>"; };
		F1FC5F3D231F63D500390539 /* Adrress.app */ = {isa = PBXFileReference; explicitFileType = wrapper.application; includeInIndex = 0; path = Adrress.app; sourceTree = BUILT_PRODUCTS_DIR; };
		F1FC5F40231F63D500390539 /* AppDelegate.swift */ = {isa = PBXFileReference; lastKnownFileType = sourcecode.swift; path = AppDelegate.swift; sourceTree = "<group>"; };
		F1FC5F44231F63D500390539 /* ViewController.swift */ = {isa = PBXFileReference; lastKnownFileType = sourcecode.swift; path = ViewController.swift; sourceTree = "<group>"; };
		F1FC5F47231F63D500390539 /* Base */ = {isa = PBXFileReference; lastKnownFileType = file.storyboard; name = Base; path = Base.lproj/Main.storyboard; sourceTree = "<group>"; };
		F1FC5F49231F63D600390539 /* Assets.xcassets */ = {isa = PBXFileReference; lastKnownFileType = folder.assetcatalog; path = Assets.xcassets; sourceTree = "<group>"; };
		F1FC5F4C231F63D600390539 /* Base */ = {isa = PBXFileReference; lastKnownFileType = file.storyboard; name = Base; path = Base.lproj/LaunchScreen.storyboard; sourceTree = "<group>"; };
		F1FC5F4E231F63D600390539 /* Info.plist */ = {isa = PBXFileReference; lastKnownFileType = text.plist.xml; path = Info.plist; sourceTree = "<group>"; };
		F1FC5F54231F868900390539 /* CCAddressPicker.swift */ = {isa = PBXFileReference; lastKnownFileType = sourcecode.swift; path = CCAddressPicker.swift; sourceTree = "<group>"; };
		F1FC5F56231F86BE00390539 /* CCAddressPickerNavigation.swift */ = {isa = PBXFileReference; lastKnownFileType = sourcecode.swift; path = CCAddressPickerNavigation.swift; sourceTree = "<group>"; };
		F1FC5F58231F86D800390539 /* CCAddressPickerZone.swift */ = {isa = PBXFileReference; lastKnownFileType = sourcecode.swift; path = CCAddressPickerZone.swift; sourceTree = "<group>"; };
/* End PBXFileReference section */

/* Begin PBXFrameworksBuildPhase section */
		F1FC5F3A231F63D500390539 /* Frameworks */ = {
			isa = PBXFrameworksBuildPhase;
			buildActionMask = 2147483647;
			files = (
			);
			runOnlyForDeploymentPostprocessing = 0;
		};
/* End PBXFrameworksBuildPhase section */

/* Begin PBXGroup section */
		F1FC5F34231F63D500390539 = {
			isa = PBXGroup;
			children = (
				F1FC5F3F231F63D500390539 /* Adrress */,
				F1FC5F3E231F63D500390539 /* Products */,
			);
			sourceTree = "<group>";
		};
		F1FC5F3E231F63D500390539 /* Products */ = {
			isa = PBXGroup;
			children = (
				F1FC5F3D231F63D500390539 /* Adrress.app */,
			);
			name = Products;
			sourceTree = "<group>";
		};
		F1FC5F3F231F63D500390539 /* Adrress */ = {
			isa = PBXGroup;
			children = (
				F1E874E8231F96B40092570C /* SceneDelegate.swift */,
				F1FC5F40231F63D500390539 /* AppDelegate.swift */,
				F1FC5F44231F63D500390539 /* ViewController.swift */,
				F1FC5F46231F63D500390539 /* Main.storyboard */,
				F1FC5F49231F63D600390539 /* Assets.xcassets */,
				F1FC5F4B231F63D600390539 /* LaunchScreen.storyboard */,
				F1FC5F4E231F63D600390539 /* Info.plist */,
				F178EF3C23279B8200506D86 /* address.db */,
				F1FC5F54231F868900390539 /* CCAddressPicker.swift */,
				F1FC5F56231F86BE00390539 /* CCAddressPickerNavigation.swift */,
				F1FC5F58231F86D800390539 /* CCAddressPickerZone.swift */,
				F1BFD7A9231F9354008E0DB2 /* CCAddressPickerZoneCell.swift */,
				F1A1B131231F9744000C4FAD /* CCAddressProvider.swift */,
				F178EF3A23279AF600506D86 /* SQManger.swift */,
			);
			path = Adrress;
			sourceTree = "<group>";
		};
/* End PBXGroup section */

/* Begin PBXNativeTarget section */
		F1FC5F3C231F63D500390539 /* Adrress */ = {
			isa = PBXNativeTarget;
			buildConfigurationList = F1FC5F51231F63D600390539 /* Build configuration list for PBXNativeTarget "Adrress" */;
			buildPhases = (
				F1FC5F39231F63D500390539 /* Sources */,
				F1FC5F3A231F63D500390539 /* Frameworks */,
				F1FC5F3B231F63D500390539 /* Resources */,
			);
			buildRules = (
			);
			dependencies = (
			);
			name = Adrress;
			productName = Adrress;
			productReference = F1FC5F3D231F63D500390539 /* Adrress.app */;
			productType = "com.apple.product-type.application";
		};
/* End PBXNativeTarget section */

/* Begin PBXProject section */
		F1FC5F35231F63D500390539 /* Project object */ = {
			isa = PBXProject;
			attributes = {
				LastSwiftUpdateCheck = 1100;
				LastUpgradeCheck = 1100;
				ORGANIZATIONNAME = sunlantao;
				TargetAttributes = {
					F1FC5F3C231F63D500390539 = {
						CreatedOnToolsVersion = 11.0;
					};
				};
			};
			buildConfigurationList = F1FC5F38231F63D500390539 /* Build configuration list for PBXProject "Adrress" */;
			compatibilityVersion = "Xcode 9.3";
			developmentRegion = en;
			hasScannedForEncodings = 0;
			knownRegions = (
				en,
				Base,
			);
			mainGroup = F1FC5F34231F63D500390539;
			productRefGroup = F1FC5F3E231F63D500390539 /* Products */;
			projectDirPath = "";
			projectRoot = "";
			targets = (
				F1FC5F3C231F63D500390539 /* Adrress */,
			);
		};
/* End PBXProject section */

/* Begin PBXResourcesBuildPhase section */
		F1FC5F3B231F63D500390539 /* Resources */ = {
			isa = PBXResourcesBuildPhase;
			buildActionMask = 2147483647;
			files = (
				F178EF3D2327A20E00506D86 /* address.db in Resources */,
				F1FC5F4D231F63D600390539 /* LaunchScreen.storyboard in Resources */,
				F1FC5F4A231F63D600390539 /* Assets.xcassets in Resources */,
				F1FC5F48231F63D500390539 /* Main.storyboard in Resources */,
			);
			runOnlyForDeploymentPostprocessing = 0;
		};
/* End PBXResourcesBuildPhase section */

/* Begin PBXSourcesBuildPhase section */
		F1FC5F39231F63D500390539 /* Sources */ = {
			isa = PBXSourcesBuildPhase;
			buildActionMask = 2147483647;
			files = (
				F1FC5F45231F63D500390539 /* ViewController.swift in Sources */,
				F1A1B132231F9744000C4FAD /* CCAddressProvider.swift in Sources */,
				F1E874E9231F96B40092570C /* SceneDelegate.swift in Sources */,
				F1FC5F41231F63D500390539 /* AppDelegate.swift in Sources */,
				F178EF3B23279AF600506D86 /* SQManger.swift in Sources */,
				F1FC5F55231F868900390539 /* CCAddressPicker.swift in Sources */,
				F1BFD7AA231F9354008E0DB2 /* CCAddressPickerZoneCell.swift in Sources */,
				F1FC5F57231F86BE00390539 /* CCAddressPickerNavigation.swift in Sources */,
				F1FC5F59231F86D800390539 /* CCAddressPickerZone.swift in Sources */,
			);
			runOnlyForDeploymentPostprocessing = 0;
		};
/* End PBXSourcesBuildPhase section */

/* Begin PBXVariantGroup section */
		F1FC5F46231F63D500390539 /* Main.storyboard */ = {
			isa = PBXVariantGroup;
			children = (
				F1FC5F47231F63D500390539 /* Base */,
			);
			name = Main.storyboard;
			sourceTree = "<group>";
		};
		F1FC5F4B231F63D600390539 /* LaunchScreen.storyboard */ = {
			isa = PBXVariantGroup;
			children = (
				F1FC5F4C231F63D600390539 /* Base */,
			);
			name = LaunchScreen.storyboard;
			sourceTree = "<group>";
		};
/* End PBXVariantGroup section */

/* Begin XCBuildConfiguration section */
		F1FC5F4F231F63D600390539 /* Debug */ = {
			isa = XCBuildConfiguration;
			buildSettings = {
				ALWAYS_SEARCH_USER_PATHS = NO;
				CLANG_ANALYZER_NONNULL = YES;
				CLANG_ANALYZER_NUMBER_OBJECT_CONVERSION = YES_AGGRESSIVE;
				CLANG_CXX_LANGUAGE_STANDARD = "gnu++14";
				CLANG_CXX_LIBRARY = "libc++";
				CLANG_ENABLE_MODULES = YES;
				CLANG_ENABLE_OBJC_ARC = YES;
				CLANG_ENABLE_OBJC_WEAK = YES;
				CLANG_WARN_BLOCK_CAPTURE_AUTORELEASING = YES;
				CLANG_WARN_BOOL_CONVERSION = YES;
				CLANG_WARN_COMMA = YES;
				CLANG_WARN_CONSTANT_CONVERSION = YES;
				CLANG_WARN_DEPRECATED_OBJC_IMPLEMENTATIONS = YES;
				CLANG_WARN_DIRECT_OBJC_ISA_USAGE = YES_ERROR;
				CLANG_WARN_DOCUMENTATION_COMMENTS = YES;
				CLANG_WARN_EMPTY_BODY = YES;
				CLANG_WARN_ENUM_CONVERSION = YES;
				CLANG_WARN_INFINITE_RECURSION = YES;
				CLANG_WARN_INT_CONVERSION = YES;
				CLANG_WARN_NON_LITERAL_NULL_CONVERSION = YES;
				CLANG_WARN_OBJC_IMPLICIT_RETAIN_SELF = YES;
				CLANG_WARN_OBJC_LITERAL_CONVERSION = YES;
				CLANG_WARN_OBJC_ROOT_CLASS = YES_ERROR;
				CLANG_WARN_RANGE_LOOP_ANALYSIS = YES;
				CLANG_WARN_STRICT_PROTOTYPES = YES;
				CLANG_WARN_SUSPICIOUS_MOVE = YES;
				CLANG_WARN_UNGUARDED_AVAILABILITY = YES_AGGRESSIVE;
				CLANG_WARN_UNREACHABLE_CODE = YES;
				CLANG_WARN__DUPLICATE_METHOD_MATCH = YES;
				COPY_PHASE_STRIP = NO;
				DEBUG_INFORMATION_FORMAT = dwarf;
				ENABLE_STRICT_OBJC_MSGSEND = YES;
				ENABLE_TESTABILITY = YES;
				GCC_C_LANGUAGE_STANDARD = gnu11;
				GCC_DYNAMIC_NO_PIC = NO;
				GCC_NO_COMMON_BLOCKS = YES;
				GCC_OPTIMIZATION_LEVEL = 0;
				GCC_PREPROCESSOR_DEFINITIONS = (
					"DEBUG=1",
					"$(inherited)",
				);
				GCC_WARN_64_TO_32_BIT_CONVERSION = YES;
				GCC_WARN_ABOUT_RETURN_TYPE = YES_ERROR;
				GCC_WARN_UNDECLARED_SELECTOR = YES;
				GCC_WARN_UNINITIALIZED_AUTOS = YES_AGGRESSIVE;
				GCC_WARN_UNUSED_FUNCTION = YES;
				GCC_WARN_UNUSED_VARIABLE = YES;
				IPHONEOS_DEPLOYMENT_TARGET = 13.0;
				MTL_ENABLE_DEBUG_INFO = INCLUDE_SOURCE;
				MTL_FAST_MATH = YES;
				ONLY_ACTIVE_ARCH = YES;
				SDKROOT = iphoneos;
				SWIFT_ACTIVE_COMPILATION_CONDITIONS = DEBUG;
				SWIFT_OPTIMIZATION_LEVEL = "-Onone";
			};
			name = Debug;
		};
		F1FC5F50231F63D600390539 /* Release */ = {
			isa = XCBuildConfiguration;
			buildSettings = {
				ALWAYS_SEARCH_USER_PATHS = NO;
				CLANG_ANALYZER_NONNULL = YES;
				CLANG_ANALYZER_NUMBER_OBJECT_CONVERSION = YES_AGGRESSIVE;
				CLANG_CXX_LANGUAGE_STANDARD = "gnu++14";
				CLANG_CXX_LIBRARY = "libc++";
				CLANG_ENABLE_MODULES = YES;
				CLANG_ENABLE_OBJC_ARC = YES;
				CLANG_ENABLE_OBJC_WEAK = YES;
				CLANG_WARN_BLOCK_CAPTURE_AUTORELEASING = YES;
				CLANG_WARN_BOOL_CONVERSION = YES;
				CLANG_WARN_COMMA = YES;
				CLANG_WARN_CONSTANT_CONVERSION = YES;
				CLANG_WARN_DEPRECATED_OBJC_IMPLEMENTATIONS = YES;
				CLANG_WARN_DIRECT_OBJC_ISA_USAGE = YES_ERROR;
				CLANG_WARN_DOCUMENTATION_COMMENTS = YES;
				CLANG_WARN_EMPTY_BODY = YES;
				CLANG_WARN_ENUM_CONVERSION = YES;
				CLANG_WARN_INFINITE_RECURSION = YES;
				CLANG_WARN_INT_CONVERSION = YES;
				CLANG_WARN_NON_LITERAL_NULL_CONVERSION = YES;
				CLANG_WARN_OBJC_IMPLICIT_RETAIN_SELF = YES;
				CLANG_WARN_OBJC_LITERAL_CONVERSION = YES;
				CLANG_WARN_OBJC_ROOT_CLASS = YES_ERROR;
				CLANG_WARN_RANGE_LOOP_ANALYSIS = YES;
				CLANG_WARN_STRICT_PROTOTYPES = YES;
				CLANG_WARN_SUSPICIOUS_MOVE = YES;
				CLANG_WARN_UNGUARDED_AVAILABILITY = YES_AGGRESSIVE;
				CLANG_WARN_UNREACHABLE_CODE = YES;
				CLANG_WARN__DUPLICATE_METHOD_MATCH = YES;
				COPY_PHASE_STRIP = NO;
				DEBUG_INFORMATION_FORMAT = "dwarf-with-dsym";
				ENABLE_NS_ASSERTIONS = NO;
				ENABLE_STRICT_OBJC_MSGSEND = YES;
				GCC_C_LANGUAGE_STANDARD = gnu11;
				GCC_NO_COMMON_BLOCKS = YES;
				GCC_WARN_64_TO_32_BIT_CONVERSION = YES;
				GCC_WARN_ABOUT_RETURN_TYPE = YES_ERROR;
				GCC_WARN_UNDECLARED_SELECTOR = YES;
				GCC_WARN_UNINITIALIZED_AUTOS = YES_AGGRESSIVE;
				GCC_WARN_UNUSED_FUNCTION = YES;
				GCC_WARN_UNUSED_VARIABLE = YES;
				IPHONEOS_DEPLOYMENT_TARGET = 13.0;
				MTL_ENABLE_DEBUG_INFO = NO;
				MTL_FAST_MATH = YES;
				SDKROOT = iphoneos;
				SWIFT_COMPILATION_MODE = wholemodule;
				SWIFT_OPTIMIZATION_LEVEL = "-O";
				VALIDATE_PRODUCT = YES;
			};
			name = Release;
		};
		F1FC5F52231F63D600390539 /* Debug */ = {
			isa = XCBuildConfiguration;
			buildSettings = {
				ASSETCATALOG_COMPILER_APPICON_NAME = AppIcon;
				CODE_SIGN_STYLE = Automatic;
				DEVELOPMENT_TEAM = C7T7CP7NSK;
				INFOPLIST_FILE = Adrress/Info.plist;
				IPHONEOS_DEPLOYMENT_TARGET = 11.0;
				LD_RUNPATH_SEARCH_PATHS = (
					"$(inherited)",
					"@executable_path/Frameworks",
				);
				PRODUCT_BUNDLE_IDENTIFIER = com.jfbank.wankaNew.Adrress;
				PRODUCT_NAME = "$(TARGET_NAME)";
				SWIFT_VERSION = 4.2;
				TARGETED_DEVICE_FAMILY = "1,2";
			};
			name = Debug;
		};
		F1FC5F53231F63D600390539 /* Release */ = {
			isa = XCBuildConfiguration;
			buildSettings = {
				ASSETCATALOG_COMPILER_APPICON_NAME = AppIcon;
				CODE_SIGN_STYLE = Automatic;
				DEVELOPMENT_TEAM = C7T7CP7NSK;
				INFOPLIST_FILE = Adrress/Info.plist;
				IPHONEOS_DEPLOYMENT_TARGET = 11.0;
				LD_RUNPATH_SEARCH_PATHS = (
					"$(inherited)",
					"@executable_path/Frameworks",
				);
				PRODUCT_BUNDLE_IDENTIFIER = com.jfbank.wankaNew.Adrress;
				PRODUCT_NAME = "$(TARGET_NAME)";
				SWIFT_VERSION = 4.2;
				TARGETED_DEVICE_FAMILY = "1,2";
			};
			name = Release;
		};
/* End XCBuildConfiguration section */

/* Begin XCConfigurationList section */
		F1FC5F38231F63D500390539 /* Build configuration list for PBXProject "Adrress" */ = {
			isa = XCConfigurationList;
			buildConfigurations = (
				F1FC5F4F231F63D600390539 /* Debug */,
				F1FC5F50231F63D600390539 /* Release */,
			);
			defaultConfigurationIsVisible = 0;
			defaultConfigurationName = Release;
		};
		F1FC5F51231F63D600390539 /* Build configuration list for PBXNativeTarget "Adrress" */ = {
			isa = XCConfigurationList;
			buildConfigurations = (
				F1FC5F52231F63D600390539 /* Debug */,
				F1FC5F53231F63D600390539 /* Release */,
			);
			defaultConfigurationIsVisible = 0;
			defaultConfigurationName = Release;
		};
/* End XCConfigurationList section */
	};
	rootObject = F1FC5F35231F63D500390539 /* Project object */;
}
